
Microsoft Visual Studio Solution File, Format Version 12.00
# Visual Studio Version 17
VisualStudioVersion = 17.0.31903.59
MinimumVisualStudioVersion = 10.0.40219.1
Project("{FAE04EC0-301F-11D3-BF4B-00C04F79EFBC}") = "WebApplication3", "WebApplication3.csproj", "{5C12D2E4-F841-423B-A12B-98FFFA896FDA}"
EndProject
Global
	GlobalSection(SolutionConfigurationPlatforms) = preSolution
		Debug|Any CPU = Debug|Any CPU
		Release|Any CPU = Release|Any CPU
	EndGlobalSection
	GlobalSection(ProjectConfigurationPlatforms) = postSolution
		{5C12D2E4-F841-423B-A12B-98FFFA896FDA}.Debug|Any CPU.ActiveCfg = Debug|Any CPU
		{5C12D2E4-F841-423B-A12B-98FFFA896FDA}.Debug|Any CPU.Build.0 = Debug|Any CPU
		{5C12D2E4-F841-423B-A12B-98FFFA896FDA}.Release|Any CPU.ActiveCfg = Release|Any CPU
		{5C12D2E4-F841-423B-A12B-98FFFA896FDA}.Release|Any CPU.Build.0 = Release|Any CPU
	EndGlobalSection
	GlobalSection(SolutionProperties) = preSolution
		HideSolutionNode = FALSE
	EndGlobalSection
	GlobalSection(ExtensibilityGlobals) = postSolution
		SolutionGuid = {DEF960E7-0AFB-4458-A19C-886EE83EC8D0}
	EndGlobalSection
EndGlobal
